
Microsoft Visual Studio Solution File, Format Version 12.00
# Visual Studio Version 17
VisualStudioVersion = 17.6.33829.357
MinimumVisualStudioVersion = 10.0.40219.1
Project("{9A19103F-16F7-4668-BE54-9A1E7A4F7556}") = "ControllerLayer", "ControllerLayer\ControllerLayer.csproj", "{84D46A0B-7D30-459E-8DFA-79A47BDF93B9}"
EndProject
Project("{FAE04EC0-301F-11D3-BF4B-00C04F79EFBC}") = "Common", "Common\Common.csproj", "{D11D2D7B-84CD-4EE5-9C91-89EAFB0AF05E}"
EndProject
Project("{FAE04EC0-301F-11D3-BF4B-00C04F79EFBC}") = "BusinessLogicLayer", "BusinessLogicLayer\BusinessLogicLayer.csproj", "{6B87D8C0-452D-4707-876F-0981EF8F4025}"
EndProject
Project("{FAE04EC0-301F-11D3-BF4B-00C04F79EFBC}") = "DatabaseLayer", "DatabaseLayer\DatabaseLayer.csproj", "{26948F1E-34EC-4FB3-B9DA-F95308E5FCBC}"
EndProject
Global
	GlobalSection(SolutionConfigurationPlatforms) = preSolution
		Debug|Any CPU = Debug|Any CPU
		Release|Any CPU = Release|Any CPU
	EndGlobalSection
	GlobalSection(ProjectConfigurationPlatforms) = postSolution
		{84D46A0B-7D30-459E-8DFA-79A47BDF93B9}.Debug|Any CPU.ActiveCfg = Debug|Any CPU
		{84D46A0B-7D30-459E-8DFA-79A47BDF93B9}.Debug|Any CPU.Build.0 = Debug|Any CPU
		{84D46A0B-7D30-459E-8DFA-79A47BDF93B9}.Release|Any CPU.ActiveCfg = Release|Any CPU
		{84D46A0B-7D30-459E-8DFA-79A47BDF93B9}.Release|Any CPU.Build.0 = Release|Any CPU
		{D11D2D7B-84CD-4EE5-9C91-89EAFB0AF05E}.Debug|Any CPU.ActiveCfg = Debug|Any CPU
		{D11D2D7B-84CD-4EE5-9C91-89EAFB0AF05E}.Debug|Any CPU.Build.0 = Debug|Any CPU
		{D11D2D7B-84CD-4EE5-9C91-89EAFB0AF05E}.Release|Any CPU.ActiveCfg = Release|Any CPU
		{D11D2D7B-84CD-4EE5-9C91-89EAFB0AF05E}.Release|Any CPU.Build.0 = Release|Any CPU
		{6B87D8C0-452D-4707-876F-0981EF8F4025}.Debug|Any CPU.ActiveCfg = Debug|Any CPU
		{6B87D8C0-452D-4707-876F-0981EF8F4025}.Debug|Any CPU.Build.0 = Debug|Any CPU
		{6B87D8C0-452D-4707-876F-0981EF8F4025}.Release|Any CPU.ActiveCfg = Release|Any CPU
		{6B87D8C0-452D-4707-876F-0981EF8F4025}.Release|Any CPU.Build.0 = Release|Any CPU
		{26948F1E-34EC-4FB3-B9DA-F95308E5FCBC}.Debug|Any CPU.ActiveCfg = Debug|Any CPU
		{26948F1E-34EC-4FB3-B9DA-F95308E5FCBC}.Debug|Any CPU.Build.0 = Debug|Any CPU
		{26948F1E-34EC-4FB3-B9DA-F95308E5FCBC}.Release|Any CPU.ActiveCfg = Release|Any CPU
		{26948F1E-34EC-4FB3-B9DA-F95308E5FCBC}.Release|Any CPU.Build.0 = Release|Any CPU
	EndGlobalSection
	GlobalSection(SolutionProperties) = preSolution
		HideSolutionNode = FALSE
	EndGlobalSection
	GlobalSection(ExtensibilityGlobals) = postSolution
		SolutionGuid = {DDDAD3E6-B5C6-4ABA-8DC0-8D9BAC192DCD}
	EndGlobalSection
EndGlobal
